// !$*UTF8*$!
{
	archiveVersion = 1;
	classes = {
	};
	objectVersion = 50;
	objects = {

/* Begin PBXBuildFile section */
		ED00E79223223C7800139A8C /* CCProtocolBase.h in Headers */ = {isa = PBXBuildFile; fileRef = ED00E79023223C7800139A8C /* CCProtocolBase.h */; settings = {ATTRIBUTES = (Public, ); }; };
		ED00E79623223D6A00139A8C /* CCDefaultYAxis.h in Headers */ = {isa = PBXBuildFile; fileRef = ED00E79423223D6A00139A8C /* CCDefaultYAxis.h */; settings = {ATTRIBUTES = (Public, ); }; };
		ED00E79723223D6A00139A8C /* CCDefaultYAxis.m in Sources */ = {isa = PBXBuildFile; fileRef = ED00E79523223D6A00139A8C /* CCDefaultYAxis.m */; };
		ED00E79A23223E6600139A8C /* CCDefaultXAxis.h in Headers */ = {isa = PBXBuildFile; fileRef = ED00E79823223E6600139A8C /* CCDefaultXAxis.h */; settings = {ATTRIBUTES = (Public, ); }; };
		ED00E79B23223E6600139A8C /* CCDefaultXAxis.m in Sources */ = {isa = PBXBuildFile; fileRef = ED00E79923223E6600139A8C /* CCDefaultXAxis.m */; };
		ED00E79E2322419B00139A8C /* CCKLineChartView.h in Headers */ = {isa = PBXBuildFile; fileRef = ED00E79C2322419B00139A8C /* CCKLineChartView.h */; settings = {ATTRIBUTES = (Public, ); }; };
		ED00E79F2322419B00139A8C /* CCKLineChartView.m in Sources */ = {isa = PBXBuildFile; fileRef = ED00E79D2322419B00139A8C /* CCKLineChartView.m */; };
		ED03A14D23332A9D0065DDA4 /* CCChartTransformer.h in Headers */ = {isa = PBXBuildFile; fileRef = ED03A14B23332A9D0065DDA4 /* CCChartTransformer.h */; settings = {ATTRIBUTES = (Public, ); }; };
		ED03A14E23332A9D0065DDA4 /* CCChartTransformer.m in Sources */ = {isa = PBXBuildFile; fileRef = ED03A14C23332A9D0065DDA4 /* CCChartTransformer.m */; };
		ED03A15123337B540065DDA4 /* CCProtocolKLineDataChartRenderer.h in Headers */ = {isa = PBXBuildFile; fileRef = ED03A14F23337B540065DDA4 /* CCProtocolKLineDataChartRenderer.h */; settings = {ATTRIBUTES = (Public, ); }; };
		ED03A15523337CF00065DDA4 /* CCProtocolKLineChartDataProvider.h in Headers */ = {isa = PBXBuildFile; fileRef = ED03A15323337CF00065DDA4 /* CCProtocolKLineChartDataProvider.h */; settings = {ATTRIBUTES = (Public, ); }; };
		ED052EA12338CF85000CED6C /* CCCoordinateUtility.h in Headers */ = {isa = PBXBuildFile; fileRef = ED052E9F2338CF85000CED6C /* CCCoordinateUtility.h */; settings = {ATTRIBUTES = (Public, ); }; };
		ED052EA22338CF85000CED6C /* CCCoordinateUtility.m in Sources */ = {isa = PBXBuildFile; fileRef = ED052EA02338CF85000CED6C /* CCCoordinateUtility.m */; };
		ED1BFB5A232231A700222820 /* CCChartViewBase.h in Headers */ = {isa = PBXBuildFile; fileRef = ED1BFB58232231A700222820 /* CCChartViewBase.h */; settings = {ATTRIBUTES = (Public, ); }; };
		ED1BFB5B232231A700222820 /* CCChartViewBase.m in Sources */ = {isa = PBXBuildFile; fileRef = ED1BFB59232231A700222820 /* CCChartViewBase.m */; };
		ED1BFB5E232234FC00222820 /* CCProtocolChartViewBase.h in Headers */ = {isa = PBXBuildFile; fileRef = ED1BFB5C232234FC00222820 /* CCProtocolChartViewBase.h */; settings = {ATTRIBUTES = (Public, ); }; };
		ED21EAC42325EE0D0087AE67 /* CCProtocolChartDataProvider.h in Headers */ = {isa = PBXBuildFile; fileRef = ED21EAC22325EE0D0087AE67 /* CCProtocolChartDataProvider.h */; settings = {ATTRIBUTES = (Public, ); }; };
		ED21EAC823263F920087AE67 /* CCProtocolChartRendererBase.h in Headers */ = {isa = PBXBuildFile; fileRef = ED21EAC623263F920087AE67 /* CCProtocolChartRendererBase.h */; settings = {ATTRIBUTES = (Public, ); }; };
		ED21EACC232642740087AE67 /* CCChartViewPixelHandler.h in Headers */ = {isa = PBXBuildFile; fileRef = ED21EACA232642740087AE67 /* CCChartViewPixelHandler.h */; settings = {ATTRIBUTES = (Public, ); }; };
		ED21EACD232642740087AE67 /* CCChartViewPixelHandler.m in Sources */ = {isa = PBXBuildFile; fileRef = ED21EACB232642740087AE67 /* CCChartViewPixelHandler.m */; };
		ED35B7522339C79B0080FF5A /* CCProtocolChartDataEntityBase.h in Headers */ = {isa = PBXBuildFile; fileRef = ED35B7502339C79B0080FF5A /* CCProtocolChartDataEntityBase.h */; settings = {ATTRIBUTES = (Public, ); }; };
		ED54969B2361889300BDBC37 /* CCGestureDefaultHandler.h in Headers */ = {isa = PBXBuildFile; fileRef = ED5496992361889300BDBC37 /* CCGestureDefaultHandler.h */; settings = {ATTRIBUTES = (Public, ); }; };
		ED54969C2361889300BDBC37 /* CCGestureDefaultHandler.m in Sources */ = {isa = PBXBuildFile; fileRef = ED54969A2361889300BDBC37 /* CCGestureDefaultHandler.m */; };
		ED5496A023618A1C00BDBC37 /* CCGestureHandlerProtocol.h in Headers */ = {isa = PBXBuildFile; fileRef = ED54969E23618A1C00BDBC37 /* CCGestureHandlerProtocol.h */; settings = {ATTRIBUTES = (Public, ); }; };
		ED54A1C52373EEEF00C1E7A6 /* CCDefaultMarkerRenderer.h in Headers */ = {isa = PBXBuildFile; fileRef = ED54A1C32373EEEF00C1E7A6 /* CCDefaultMarkerRenderer.h */; settings = {ATTRIBUTES = (Public, ); }; };
		ED54A1C62373EEEF00C1E7A6 /* CCDefaultMarkerRenderer.m in Sources */ = {isa = PBXBuildFile; fileRef = ED54A1C42373EEEF00C1E7A6 /* CCDefaultMarkerRenderer.m */; };
		ED8004E423700267005647C2 /* CCXAxisFixedFormatter.h in Headers */ = {isa = PBXBuildFile; fileRef = ED8004E223700267005647C2 /* CCXAxisFixedFormatter.h */; settings = {ATTRIBUTES = (Public, ); }; };
		ED8004E523700267005647C2 /* CCXAxisFixedFormatter.m in Sources */ = {isa = PBXBuildFile; fileRef = ED8004E323700267005647C2 /* CCXAxisFixedFormatter.m */; };
		ED8004E823701B61005647C2 /* CCProtocolCursorRenderer.h in Headers */ = {isa = PBXBuildFile; fileRef = ED8004E623701B61005647C2 /* CCProtocolCursorRenderer.h */; settings = {ATTRIBUTES = (Public, ); }; };
		ED8A5A35237AC60400913416 /* CALayer+CCUtility.h in Headers */ = {isa = PBXBuildFile; fileRef = ED8A5A33237AC60400913416 /* CALayer+CCUtility.h */; settings = {ATTRIBUTES = (Public, ); }; };
		ED8A5A36237AC60400913416 /* CALayer+CCUtility.m in Sources */ = {isa = PBXBuildFile; fileRef = ED8A5A34237AC60400913416 /* CALayer+CCUtility.m */; };
		ED92FE92238398CC00627725 /* CCSingleEventManager.h in Headers */ = {isa = PBXBuildFile; fileRef = ED92FE90238398CC00627725 /* CCSingleEventManager.h */; settings = {ATTRIBUTES = (Public, ); }; };
		ED92FE93238398CC00627725 /* CCSingleEventManager.m in Sources */ = {isa = PBXBuildFile; fileRef = ED92FE91238398CC00627725 /* CCSingleEventManager.m */; };
		ED99B484237BF2C400388345 /* CCDataChartRenderer.h in Headers */ = {isa = PBXBuildFile; fileRef = ED99B482237BF2C400388345 /* CCDataChartRenderer.h */; settings = {ATTRIBUTES = (Public, ); }; };
		ED99B485237BF2C400388345 /* CCDataChartRenderer.m in Sources */ = {isa = PBXBuildFile; fileRef = ED99B483237BF2C400388345 /* CCDataChartRenderer.m */; };
		ED99B488237BF7AF00388345 /* CCKLineDataChartRenderer.h in Headers */ = {isa = PBXBuildFile; fileRef = ED99B486237BF7AF00388345 /* CCKLineDataChartRenderer.h */; settings = {ATTRIBUTES = (Public, ); }; };
		ED99B489237BF7AF00388345 /* CCKLineDataChartRenderer.m in Sources */ = {isa = PBXBuildFile; fileRef = ED99B487237BF7AF00388345 /* CCKLineDataChartRenderer.m */; };
		ED99B490237C078700388345 /* CCRendererBase.h in Headers */ = {isa = PBXBuildFile; fileRef = ED99B48E237C078700388345 /* CCRendererBase.h */; settings = {ATTRIBUTES = (Public, ); }; };
		ED99B491237C078700388345 /* CCRendererBase.m in Sources */ = {isa = PBXBuildFile; fileRef = ED99B48F237C078700388345 /* CCRendererBase.m */; };
		EDA3C4282328A11600843C7A /* CCProtocolXAxisFormatterBase.h in Headers */ = {isa = PBXBuildFile; fileRef = EDA3C4262328A11600843C7A /* CCProtocolXAxisFormatterBase.h */; settings = {ATTRIBUTES = (Public, ); }; };
		EDA3C4312328CCF700843C7A /* CCXAxisDefaultFormatter.h in Headers */ = {isa = PBXBuildFile; fileRef = EDA3C42F2328CCF700843C7A /* CCXAxisDefaultFormatter.h */; settings = {ATTRIBUTES = (Public, ); }; };
		EDA3C4322328CCF700843C7A /* CCXAxisDefaultFormatter.m in Sources */ = {isa = PBXBuildFile; fileRef = EDA3C4302328CCF700843C7A /* CCXAxisDefaultFormatter.m */; };
		EDA3C4352328D0C500843C7A /* CCProtocolAxisBase.h in Headers */ = {isa = PBXBuildFile; fileRef = EDA3C4332328D0C500843C7A /* CCProtocolAxisBase.h */; settings = {ATTRIBUTES = (Public, ); }; };
		EDA3E2EC232F655F00222E83 /* CCProtocolChartDataSet.h in Headers */ = {isa = PBXBuildFile; fileRef = EDA3E2EA232F655F00222E83 /* CCProtocolChartDataSet.h */; settings = {ATTRIBUTES = (Public, ); }; };
		EDA3E2F0232F666700222E83 /* CCChartData.h in Headers */ = {isa = PBXBuildFile; fileRef = EDA3E2EE232F666700222E83 /* CCChartData.h */; settings = {ATTRIBUTES = (Public, ); }; };
		EDA3E2F1232F666700222E83 /* CCChartData.m in Sources */ = {isa = PBXBuildFile; fileRef = EDA3E2EF232F666700222E83 /* CCChartData.m */; };
		EDA3E2F4232F746200222E83 /* CCChartDataEntity.h in Headers */ = {isa = PBXBuildFile; fileRef = EDA3E2F2232F746200222E83 /* CCChartDataEntity.h */; settings = {ATTRIBUTES = (Public, ); }; };
		EDA3E2F5232F746200222E83 /* CCChartDataEntity.m in Sources */ = {isa = PBXBuildFile; fileRef = EDA3E2F3232F746200222E83 /* CCChartDataEntity.m */; };
		EDA3E300232F7BE000222E83 /* CCKLineChartData.h in Headers */ = {isa = PBXBuildFile; fileRef = EDA3E2FE232F7BE000222E83 /* CCKLineChartData.h */; settings = {ATTRIBUTES = (Public, ); }; };
		EDA3E301232F7BE000222E83 /* CCKLineChartData.m in Sources */ = {isa = PBXBuildFile; fileRef = EDA3E2FF232F7BE000222E83 /* CCKLineChartData.m */; };
		EDA3E304232F7E7600222E83 /* CCKLineChartDataSet.h in Headers */ = {isa = PBXBuildFile; fileRef = EDA3E302232F7E7600222E83 /* CCKLineChartDataSet.h */; settings = {ATTRIBUTES = (Public, ); }; };
		EDA3E305232F7E7600222E83 /* CCKLineChartDataSet.m in Sources */ = {isa = PBXBuildFile; fileRef = EDA3E303232F7E7600222E83 /* CCKLineChartDataSet.m */; };
		EDA66820237111D00046E469 /* CCProtocolCursorBase.h in Headers */ = {isa = PBXBuildFile; fileRef = EDA6681E237111D00046E469 /* CCProtocolCursorBase.h */; settings = {ATTRIBUTES = (Public, ); }; };
		EDA66825237129E10046E469 /* CCDefaultCursor.h in Headers */ = {isa = PBXBuildFile; fileRef = EDA66823237129E10046E469 /* CCDefaultCursor.h */; settings = {ATTRIBUTES = (Public, ); }; };
		EDA66826237129E10046E469 /* CCDefaultCursor.m in Sources */ = {isa = PBXBuildFile; fileRef = EDA66824237129E10046E469 /* CCDefaultCursor.m */; };
		EDABB2562320E46E00C65D3F /* CCTrendCharts.framework in Frameworks */ = {isa = PBXBuildFile; fileRef = EDABB24C2320E46D00C65D3F /* CCTrendCharts.framework */; };
		EDABB25B2320E46E00C65D3F /* CCTrendChartsTests.m in Sources */ = {isa = PBXBuildFile; fileRef = EDABB25A2320E46E00C65D3F /* CCTrendChartsTests.m */; };
		EDABB25D2320E46E00C65D3F /* CCTrendCharts.h in Headers */ = {isa = PBXBuildFile; fileRef = EDABB24F2320E46D00C65D3F /* CCTrendCharts.h */; settings = {ATTRIBUTES = (Public, ); }; };
		EDABB2682320E68700C65D3F /* CCMain.h in Headers */ = {isa = PBXBuildFile; fileRef = EDABB2662320E68700C65D3F /* CCMain.h */; settings = {ATTRIBUTES = (Public, ); }; };
		EDABB2692320E68700C65D3F /* CCMain.m in Sources */ = {isa = PBXBuildFile; fileRef = EDABB2672320E68700C65D3F /* CCMain.m */; };
		EDAFF470237A8E2B00E8BA2B /* Doc.md in Resources */ = {isa = PBXBuildFile; fileRef = EDAFF46F237A8E2B00E8BA2B /* Doc.md */; };
		EDAFF474237AB5D800E8BA2B /* 1daykline.json in Resources */ = {isa = PBXBuildFile; fileRef = EDAFF473237AB5D800E8BA2B /* 1daykline.json */; };
		EDBEA2CC2328EAEB000F8852 /* CCProtocolAxisRenderer.h in Headers */ = {isa = PBXBuildFile; fileRef = EDBEA2CA2328EAEB000F8852 /* CCProtocolAxisRenderer.h */; settings = {ATTRIBUTES = (Public, ); }; };
		EDBEA2D02328EB87000F8852 /* CCProtocolDataChartRenderer.h in Headers */ = {isa = PBXBuildFile; fileRef = EDBEA2CE2328EB87000F8852 /* CCProtocolDataChartRenderer.h */; settings = {ATTRIBUTES = (Public, ); }; };
		EDBEA2D42328ED6C000F8852 /* CCProtocolAnimatorBase.h in Headers */ = {isa = PBXBuildFile; fileRef = EDBEA2D22328ED6C000F8852 /* CCProtocolAnimatorBase.h */; settings = {ATTRIBUTES = (Public, ); }; };
		EDCCDB9E2379584000BDD823 /* CCKLineDataEntity.h in Headers */ = {isa = PBXBuildFile; fileRef = EDCCDB9C2379584000BDD823 /* CCKLineDataEntity.h */; settings = {ATTRIBUTES = (Public, ); }; };
		EDCCDB9F2379584000BDD823 /* CCKLineDataEntity.m in Sources */ = {isa = PBXBuildFile; fileRef = EDCCDB9D2379584000BDD823 /* CCKLineDataEntity.m */; };
		EDD0F258234C7370005ED4DD /* NSString+CCUtility.h in Headers */ = {isa = PBXBuildFile; fileRef = EDD0F256234C7370005ED4DD /* NSString+CCUtility.h */; settings = {ATTRIBUTES = (Public, ); }; };
		EDD0F259234C7370005ED4DD /* NSString+CCUtility.m in Sources */ = {isa = PBXBuildFile; fileRef = EDD0F257234C7370005ED4DD /* NSString+CCUtility.m */; };
		EDD180B7232A3B0100B2B72A /* CCDefaultYAxisRenderer.h in Headers */ = {isa = PBXBuildFile; fileRef = EDD180B5232A3B0100B2B72A /* CCDefaultYAxisRenderer.h */; settings = {ATTRIBUTES = (Public, ); }; };
		EDD180B8232A3B0100B2B72A /* CCDefaultYAxisRenderer.m in Sources */ = {isa = PBXBuildFile; fileRef = EDD180B6232A3B0100B2B72A /* CCDefaultYAxisRenderer.m */; };
		EDD180BB232A3B0F00B2B72A /* CCDefaultXAxisRenderer.h in Headers */ = {isa = PBXBuildFile; fileRef = EDD180B9232A3B0F00B2B72A /* CCDefaultXAxisRenderer.h */; settings = {ATTRIBUTES = (Public, ); }; };
		EDD180BC232A3B0F00B2B72A /* CCDefaultXAxisRenderer.m in Sources */ = {isa = PBXBuildFile; fileRef = EDD180BA232A3B0F00B2B72A /* CCDefaultXAxisRenderer.m */; };
		EDD3F03F234DCC1A0025D51D /* CCChartDataSetBase.h in Headers */ = {isa = PBXBuildFile; fileRef = EDD3F03D234DCC1A0025D51D /* CCChartDataSetBase.h */; settings = {ATTRIBUTES = (Public, ); }; };
		EDD3F040234DCC1A0025D51D /* CCChartDataSetBase.m in Sources */ = {isa = PBXBuildFile; fileRef = EDD3F03E234DCC1A0025D51D /* CCChartDataSetBase.m */; };
		EDD901E0233DED6F009AB34F /* CCBaseUtility.h in Headers */ = {isa = PBXBuildFile; fileRef = EDD901DE233DED6F009AB34F /* CCBaseUtility.h */; settings = {ATTRIBUTES = (Public, ); }; };
		EDD901E1233DED6F009AB34F /* CCBaseUtility.m in Sources */ = {isa = PBXBuildFile; fileRef = EDD901DF233DED6F009AB34F /* CCBaseUtility.m */; };
		EDDA144F23702AA700756207 /* CCProtocolMarkerRenderer.h in Headers */ = {isa = PBXBuildFile; fileRef = EDDA144D23702AA700756207 /* CCProtocolMarkerRenderer.h */; settings = {ATTRIBUTES = (Public, ); }; };
		EDDA14532370356500756207 /* CCDefaultCursorRenderer.h in Headers */ = {isa = PBXBuildFile; fileRef = EDDA14512370356500756207 /* CCDefaultCursorRenderer.h */; settings = {ATTRIBUTES = (Public, ); }; };
		EDDA14542370356500756207 /* CCDefaultCursorRenderer.m in Sources */ = {isa = PBXBuildFile; fileRef = EDDA14522370356500756207 /* CCDefaultCursorRenderer.m */; };
		EDDCD4602334CDAE005E46EA /* CCMacro.h in Headers */ = {isa = PBXBuildFile; fileRef = EDDCD45E2334CDAE005E46EA /* CCMacro.h */; settings = {ATTRIBUTES = (Public, ); }; };
		EDDCD4632334DAB5005E46EA /* PrefixHeader.pch in Headers */ = {isa = PBXBuildFile; fileRef = EDDCD4622334DAB5005E46EA /* PrefixHeader.pch */; };
		EDFA74B72320FC6900CDB6BC /* LICENSE in Resources */ = {isa = PBXBuildFile; fileRef = EDFA74B62320FC6900CDB6BC /* LICENSE */; };
		EDFA74B92320FC8600CDB6BC /* README.md in Sources */ = {isa = PBXBuildFile; fileRef = EDFA74B82320FC8600CDB6BC /* README.md */; };
		EDFA74BF2321079200CDB6BC /* UIColor+CCUtility.h in Headers */ = {isa = PBXBuildFile; fileRef = EDFA74BD2321079200CDB6BC /* UIColor+CCUtility.h */; settings = {ATTRIBUTES = (Public, ); }; };
		EDFA74C02321079200CDB6BC /* UIColor+CCUtility.m in Sources */ = {isa = PBXBuildFile; fileRef = EDFA74BE2321079200CDB6BC /* UIColor+CCUtility.m */; };
/* End PBXBuildFile section */

/* Begin PBXContainerItemProxy section */
		EDABB2572320E46E00C65D3F /* PBXContainerItemProxy */ = {
			isa = PBXContainerItemProxy;
			containerPortal = EDABB2432320E46D00C65D3F /* Project object */;
			proxyType = 1;
			remoteGlobalIDString = EDABB24B2320E46D00C65D3F;
			remoteInfo = CCTrendChart;
		};
/* End PBXContainerItemProxy section */

/* Begin PBXFileReference section */
		ED00E79023223C7800139A8C /* CCProtocolBase.h */ = {isa = PBXFileReference; lastKnownFileType = sourcecode.c.h; path = CCProtocolBase.h; sourceTree = "<group>"; };
		ED00E79423223D6A00139A8C /* CCDefaultYAxis.h */ = {isa = PBXFileReference; lastKnownFileType = sourcecode.c.h; path = CCDefaultYAxis.h; sourceTree = "<group>"; };
		ED00E79523223D6A00139A8C /* CCDefaultYAxis.m */ = {isa = PBXFileReference; lastKnownFileType = sourcecode.c.objc; path = CCDefaultYAxis.m; sourceTree = "<group>"; };
		ED00E79823223E6600139A8C /* CCDefaultXAxis.h */ = {isa = PBXFileReference; lastKnownFileType = sourcecode.c.h; path = CCDefaultXAxis.h; sourceTree = "<group>"; };
		ED00E79923223E6600139A8C /* CCDefaultXAxis.m */ = {isa = PBXFileReference; lastKnownFileType = sourcecode.c.objc; path = CCDefaultXAxis.m; sourceTree = "<group>"; };
		ED00E79C2322419B00139A8C /* CCKLineChartView.h */ = {isa = PBXFileReference; lastKnownFileType = sourcecode.c.h; path = CCKLineChartView.h; sourceTree = "<group>"; };
		ED00E79D2322419B00139A8C /* CCKLineChartView.m */ = {isa = PBXFileReference; lastKnownFileType = sourcecode.c.objc; path = CCKLineChartView.m; sourceTree = "<group>"; };
		ED03A14B23332A9D0065DDA4 /* CCChartTransformer.h */ = {isa = PBXFileReference; lastKnownFileType = sourcecode.c.h; path = CCChartTransformer.h; sourceTree = "<group>"; };
		ED03A14C23332A9D0065DDA4 /* CCChartTransformer.m */ = {isa = PBXFileReference; lastKnownFileType = sourcecode.c.objc; path = CCChartTransformer.m; sourceTree = "<group>"; };
		ED03A14F23337B540065DDA4 /* CCProtocolKLineDataChartRenderer.h */ = {isa = PBXFileReference; lastKnownFileType = sourcecode.c.h; path = CCProtocolKLineDataChartRenderer.h; sourceTree = "<group>"; };
		ED03A15323337CF00065DDA4 /* CCProtocolKLineChartDataProvider.h */ = {isa = PBXFileReference; lastKnownFileType = sourcecode.c.h; path = CCProtocolKLineChartDataProvider.h; sourceTree = "<group>"; };
		ED052E9F2338CF85000CED6C /* CCCoordinateUtility.h */ = {isa = PBXFileReference; lastKnownFileType = sourcecode.c.h; path = CCCoordinateUtility.h; sourceTree = "<group>"; };
		ED052EA02338CF85000CED6C /* CCCoordinateUtility.m */ = {isa = PBXFileReference; lastKnownFileType = sourcecode.c.objc; path = CCCoordinateUtility.m; sourceTree = "<group>"; };
		ED1BFB58232231A700222820 /* CCChartViewBase.h */ = {isa = PBXFileReference; lastKnownFileType = sourcecode.c.h; path = CCChartViewBase.h; sourceTree = "<group>"; };
		ED1BFB59232231A700222820 /* CCChartViewBase.m */ = {isa = PBXFileReference; lastKnownFileType = sourcecode.c.objc; path = CCChartViewBase.m; sourceTree = "<group>"; };
		ED1BFB5C232234FC00222820 /* CCProtocolChartViewBase.h */ = {isa = PBXFileReference; lastKnownFileType = sourcecode.c.h; path = CCProtocolChartViewBase.h; sourceTree = "<group>"; };
		ED21EAC22325EE0D0087AE67 /* CCProtocolChartDataProvider.h */ = {isa = PBXFileReference; lastKnownFileType = sourcecode.c.h; path = CCProtocolChartDataProvider.h; sourceTree = "<group>"; };
		ED21EAC623263F920087AE67 /* CCProtocolChartRendererBase.h */ = {isa = PBXFileReference; lastKnownFileType = sourcecode.c.h; path = CCProtocolChartRendererBase.h; sourceTree = "<group>"; };
		ED21EACA232642740087AE67 /* CCChartViewPixelHandler.h */ = {isa = PBXFileReference; lastKnownFileType = sourcecode.c.h; path = CCChartViewPixelHandler.h; sourceTree = "<group>"; };
		ED21EACB232642740087AE67 /* CCChartViewPixelHandler.m */ = {isa = PBXFileReference; lastKnownFileType = sourcecode.c.objc; path = CCChartViewPixelHandler.m; sourceTree = "<group>"; };
		ED35B7502339C79B0080FF5A /* CCProtocolChartDataEntityBase.h */ = {isa = PBXFileReference; lastKnownFileType = sourcecode.c.h; path = CCProtocolChartDataEntityBase.h; sourceTree = "<group>"; };
		ED5496992361889300BDBC37 /* CCGestureDefaultHandler.h */ = {isa = PBXFileReference; lastKnownFileType = sourcecode.c.h; path = CCGestureDefaultHandler.h; sourceTree = "<group>"; };
		ED54969A2361889300BDBC37 /* CCGestureDefaultHandler.m */ = {isa = PBXFileReference; lastKnownFileType = sourcecode.c.objc; path = CCGestureDefaultHandler.m; sourceTree = "<group>"; };
		ED54969E23618A1C00BDBC37 /* CCGestureHandlerProtocol.h */ = {isa = PBXFileReference; lastKnownFileType = sourcecode.c.h; path = CCGestureHandlerProtocol.h; sourceTree = "<group>"; };
		ED54A1C32373EEEF00C1E7A6 /* CCDefaultMarkerRenderer.h */ = {isa = PBXFileReference; lastKnownFileType = sourcecode.c.h; path = CCDefaultMarkerRenderer.h; sourceTree = "<group>"; };
		ED54A1C42373EEEF00C1E7A6 /* CCDefaultMarkerRenderer.m */ = {isa = PBXFileReference; lastKnownFileType = sourcecode.c.objc; path = CCDefaultMarkerRenderer.m; sourceTree = "<group>"; };
		ED8004E223700267005647C2 /* CCXAxisFixedFormatter.h */ = {isa = PBXFileReference; lastKnownFileType = sourcecode.c.h; path = CCXAxisFixedFormatter.h; sourceTree = "<group>"; };
		ED8004E323700267005647C2 /* CCXAxisFixedFormatter.m */ = {isa = PBXFileReference; lastKnownFileType = sourcecode.c.objc; path = CCXAxisFixedFormatter.m; sourceTree = "<group>"; };
		ED8004E623701B61005647C2 /* CCProtocolCursorRenderer.h */ = {isa = PBXFileReference; lastKnownFileType = sourcecode.c.h; path = CCProtocolCursorRenderer.h; sourceTree = "<group>"; };
		ED8A5A33237AC60400913416 /* CALayer+CCUtility.h */ = {isa = PBXFileReference; lastKnownFileType = sourcecode.c.h; path = "CALayer+CCUtility.h"; sourceTree = "<group>"; };
		ED8A5A34237AC60400913416 /* CALayer+CCUtility.m */ = {isa = PBXFileReference; lastKnownFileType = sourcecode.c.objc; path = "CALayer+CCUtility.m"; sourceTree = "<group>"; };
		ED92FE90238398CC00627725 /* CCSingleEventManager.h */ = {isa = PBXFileReference; lastKnownFileType = sourcecode.c.h; path = CCSingleEventManager.h; sourceTree = "<group>"; };
		ED92FE91238398CC00627725 /* CCSingleEventManager.m */ = {isa = PBXFileReference; lastKnownFileType = sourcecode.c.objc; path = CCSingleEventManager.m; sourceTree = "<group>"; };
		ED99B482237BF2C400388345 /* CCDataChartRenderer.h */ = {isa = PBXFileReference; lastKnownFileType = sourcecode.c.h; path = CCDataChartRenderer.h; sourceTree = "<group>"; };
		ED99B483237BF2C400388345 /* CCDataChartRenderer.m */ = {isa = PBXFileReference; lastKnownFileType = sourcecode.c.objc; path = CCDataChartRenderer.m; sourceTree = "<group>"; };
		ED99B486237BF7AF00388345 /* CCKLineDataChartRenderer.h */ = {isa = PBXFileReference; lastKnownFileType = sourcecode.c.h; path = CCKLineDataChartRenderer.h; sourceTree = "<group>"; };
		ED99B487237BF7AF00388345 /* CCKLineDataChartRenderer.m */ = {isa = PBXFileReference; lastKnownFileType = sourcecode.c.objc; path = CCKLineDataChartRenderer.m; sourceTree = "<group>"; };
		ED99B48E237C078700388345 /* CCRendererBase.h */ = {isa = PBXFileReference; lastKnownFileType = sourcecode.c.h; path = CCRendererBase.h; sourceTree = "<group>"; };
		ED99B48F237C078700388345 /* CCRendererBase.m */ = {isa = PBXFileReference; lastKnownFileType = sourcecode.c.objc; path = CCRendererBase.m; sourceTree = "<group>"; };
		EDA3C4262328A11600843C7A /* CCProtocolXAxisFormatterBase.h */ = {isa = PBXFileReference; lastKnownFileType = sourcecode.c.h; path = CCProtocolXAxisFormatterBase.h; sourceTree = "<group>"; };
		EDA3C42F2328CCF700843C7A /* CCXAxisDefaultFormatter.h */ = {isa = PBXFileReference; lastKnownFileType = sourcecode.c.h; path = CCXAxisDefaultFormatter.h; sourceTree = "<group>"; };
		EDA3C4302328CCF700843C7A /* CCXAxisDefaultFormatter.m */ = {isa = PBXFileReference; lastKnownFileType = sourcecode.c.objc; path = CCXAxisDefaultFormatter.m; sourceTree = "<group>"; };
		EDA3C4332328D0C500843C7A /* CCProtocolAxisBase.h */ = {isa = PBXFileReference; lastKnownFileType = sourcecode.c.h; path = CCProtocolAxisBase.h; sourceTree = "<group>"; };
		EDA3E2EA232F655F00222E83 /* CCProtocolChartDataSet.h */ = {isa = PBXFileReference; lastKnownFileType = sourcecode.c.h; path = CCProtocolChartDataSet.h; sourceTree = "<group>"; };
		EDA3E2EE232F666700222E83 /* CCChartData.h */ = {isa = PBXFileReference; lastKnownFileType = sourcecode.c.h; path = CCChartData.h; sourceTree = "<group>"; };
		EDA3E2EF232F666700222E83 /* CCChartData.m */ = {isa = PBXFileReference; lastKnownFileType = sourcecode.c.objc; path = CCChartData.m; sourceTree = "<group>"; };
		EDA3E2F2232F746200222E83 /* CCChartDataEntity.h */ = {isa = PBXFileReference; lastKnownFileType = sourcecode.c.h; path = CCChartDataEntity.h; sourceTree = "<group>"; };
		EDA3E2F3232F746200222E83 /* CCChartDataEntity.m */ = {isa = PBXFileReference; lastKnownFileType = sourcecode.c.objc; path = CCChartDataEntity.m; sourceTree = "<group>"; };
		EDA3E2FE232F7BE000222E83 /* CCKLineChartData.h */ = {isa = PBXFileReference; lastKnownFileType = sourcecode.c.h; path = CCKLineChartData.h; sourceTree = "<group>"; };
		EDA3E2FF232F7BE000222E83 /* CCKLineChartData.m */ = {isa = PBXFileReference; lastKnownFileType = sourcecode.c.objc; path = CCKLineChartData.m; sourceTree = "<group>"; };
		EDA3E302232F7E7600222E83 /* CCKLineChartDataSet.h */ = {isa = PBXFileReference; lastKnownFileType = sourcecode.c.h; path = CCKLineChartDataSet.h; sourceTree = "<group>"; };
		EDA3E303232F7E7600222E83 /* CCKLineChartDataSet.m */ = {isa = PBXFileReference; lastKnownFileType = sourcecode.c.objc; path = CCKLineChartDataSet.m; sourceTree = "<group>"; };
		EDA6681E237111D00046E469 /* CCProtocolCursorBase.h */ = {isa = PBXFileReference; lastKnownFileType = sourcecode.c.h; path = CCProtocolCursorBase.h; sourceTree = "<group>"; };
		EDA66823237129E10046E469 /* CCDefaultCursor.h */ = {isa = PBXFileReference; lastKnownFileType = sourcecode.c.h; path = CCDefaultCursor.h; sourceTree = "<group>"; };
		EDA66824237129E10046E469 /* CCDefaultCursor.m */ = {isa = PBXFileReference; lastKnownFileType = sourcecode.c.objc; path = CCDefaultCursor.m; sourceTree = "<group>"; };
		EDABB24C2320E46D00C65D3F /* CCTrendCharts.framework */ = {isa = PBXFileReference; explicitFileType = wrapper.framework; includeInIndex = 0; path = CCTrendCharts.framework; sourceTree = BUILT_PRODUCTS_DIR; };
		EDABB24F2320E46D00C65D3F /* CCTrendCharts.h */ = {isa = PBXFileReference; lastKnownFileType = sourcecode.c.h; path = CCTrendCharts.h; sourceTree = "<group>"; };
		EDABB2502320E46D00C65D3F /* Info.plist */ = {isa = PBXFileReference; lastKnownFileType = text.plist.xml; path = Info.plist; sourceTree = "<group>"; };
		EDABB2552320E46E00C65D3F /* CCTrendChartsTests.xctest */ = {isa = PBXFileReference; explicitFileType = wrapper.cfbundle; includeInIndex = 0; path = CCTrendChartsTests.xctest; sourceTree = BUILT_PRODUCTS_DIR; };
		EDABB25A2320E46E00C65D3F /* CCTrendChartsTests.m */ = {isa = PBXFileReference; lastKnownFileType = sourcecode.c.objc; path = CCTrendChartsTests.m; sourceTree = "<group>"; };
		EDABB25C2320E46E00C65D3F /* Info.plist */ = {isa = PBXFileReference; lastKnownFileType = text.plist.xml; path = Info.plist; sourceTree = "<group>"; };
		EDABB2662320E68700C65D3F /* CCMain.h */ = {isa = PBXFileReference; lastKnownFileType = sourcecode.c.h; path = CCMain.h; sourceTree = "<group>"; };
		EDABB2672320E68700C65D3F /* CCMain.m */ = {isa = PBXFileReference; lastKnownFileType = sourcecode.c.objc; path = CCMain.m; sourceTree = "<group>"; };
		EDAFF46F237A8E2B00E8BA2B /* Doc.md */ = {isa = PBXFileReference; lastKnownFileType = net.daringfireball.markdown; path = Doc.md; sourceTree = "<group>"; };
		EDAFF473237AB5D800E8BA2B /* 1daykline.json */ = {isa = PBXFileReference; fileEncoding = 4; lastKnownFileType = text.json; path = 1daykline.json; sourceTree = "<group>"; };
		EDBEA2CA2328EAEB000F8852 /* CCProtocolAxisRenderer.h */ = {isa = PBXFileReference; lastKnownFileType = sourcecode.c.h; path = CCProtocolAxisRenderer.h; sourceTree = "<group>"; };
		EDBEA2CE2328EB87000F8852 /* CCProtocolDataChartRenderer.h */ = {isa = PBXFileReference; lastKnownFileType = sourcecode.c.h; path = CCProtocolDataChartRenderer.h; sourceTree = "<group>"; };
		EDBEA2D22328ED6C000F8852 /* CCProtocolAnimatorBase.h */ = {isa = PBXFileReference; lastKnownFileType = sourcecode.c.h; path = CCProtocolAnimatorBase.h; sourceTree = "<group>"; };
		EDCCDB9C2379584000BDD823 /* CCKLineDataEntity.h */ = {isa = PBXFileReference; lastKnownFileType = sourcecode.c.h; path = CCKLineDataEntity.h; sourceTree = "<group>"; };
		EDCCDB9D2379584000BDD823 /* CCKLineDataEntity.m */ = {isa = PBXFileReference; lastKnownFileType = sourcecode.c.objc; path = CCKLineDataEntity.m; sourceTree = "<group>"; };
		EDD0F256234C7370005ED4DD /* NSString+CCUtility.h */ = {isa = PBXFileReference; lastKnownFileType = sourcecode.c.h; path = "NSString+CCUtility.h"; sourceTree = "<group>"; };
		EDD0F257234C7370005ED4DD /* NSString+CCUtility.m */ = {isa = PBXFileReference; lastKnownFileType = sourcecode.c.objc; path = "NSString+CCUtility.m"; sourceTree = "<group>"; };
		EDD180B5232A3B0100B2B72A /* CCDefaultYAxisRenderer.h */ = {isa = PBXFileReference; lastKnownFileType = sourcecode.c.h; path = CCDefaultYAxisRenderer.h; sourceTree = "<group>"; };
		EDD180B6232A3B0100B2B72A /* CCDefaultYAxisRenderer.m */ = {isa = PBXFileReference; lastKnownFileType = sourcecode.c.objc; path = CCDefaultYAxisRenderer.m; sourceTree = "<group>"; };
		EDD180B9232A3B0F00B2B72A /* CCDefaultXAxisRenderer.h */ = {isa = PBXFileReference; lastKnownFileType = sourcecode.c.h; path = CCDefaultXAxisRenderer.h; sourceTree = "<group>"; };
		EDD180BA232A3B0F00B2B72A /* CCDefaultXAxisRenderer.m */ = {isa = PBXFileReference; lastKnownFileType = sourcecode.c.objc; path = CCDefaultXAxisRenderer.m; sourceTree = "<group>"; };
		EDD3F03D234DCC1A0025D51D /* CCChartDataSetBase.h */ = {isa = PBXFileReference; lastKnownFileType = sourcecode.c.h; path = CCChartDataSetBase.h; sourceTree = "<group>"; };
		EDD3F03E234DCC1A0025D51D /* CCChartDataSetBase.m */ = {isa = PBXFileReference; lastKnownFileType = sourcecode.c.objc; path = CCChartDataSetBase.m; sourceTree = "<group>"; };
		EDD901DE233DED6F009AB34F /* CCBaseUtility.h */ = {isa = PBXFileReference; lastKnownFileType = sourcecode.c.h; path = CCBaseUtility.h; sourceTree = "<group>"; };
		EDD901DF233DED6F009AB34F /* CCBaseUtility.m */ = {isa = PBXFileReference; lastKnownFileType = sourcecode.c.objc; path = CCBaseUtility.m; sourceTree = "<group>"; };
		EDDA144D23702AA700756207 /* CCProtocolMarkerRenderer.h */ = {isa = PBXFileReference; lastKnownFileType = sourcecode.c.h; path = CCProtocolMarkerRenderer.h; sourceTree = "<group>"; };
		EDDA14512370356500756207 /* CCDefaultCursorRenderer.h */ = {isa = PBXFileReference; lastKnownFileType = sourcecode.c.h; path = CCDefaultCursorRenderer.h; sourceTree = "<group>"; };
		EDDA14522370356500756207 /* CCDefaultCursorRenderer.m */ = {isa = PBXFileReference; lastKnownFileType = sourcecode.c.objc; path = CCDefaultCursorRenderer.m; sourceTree = "<group>"; };
		EDDCD45E2334CDAE005E46EA /* CCMacro.h */ = {isa = PBXFileReference; lastKnownFileType = sourcecode.c.h; path = CCMacro.h; sourceTree = "<group>"; };
		EDDCD4622334DAB5005E46EA /* PrefixHeader.pch */ = {isa = PBXFileReference; lastKnownFileType = sourcecode.c.h; path = PrefixHeader.pch; sourceTree = "<group>"; };
		EDFA74B62320FC6900CDB6BC /* LICENSE */ = {isa = PBXFileReference; fileEncoding = 4; lastKnownFileType = text; path = LICENSE; sourceTree = "<group>"; };
		EDFA74B82320FC8600CDB6BC /* README.md */ = {isa = PBXFileReference; lastKnownFileType = net.daringfireball.markdown; path = README.md; sourceTree = "<group>"; };
		EDFA74BD2321079200CDB6BC /* UIColor+CCUtility.h */ = {isa = PBXFileReference; lastKnownFileType = sourcecode.c.h; path = "UIColor+CCUtility.h"; sourceTree = "<group>"; };
		EDFA74BE2321079200CDB6BC /* UIColor+CCUtility.m */ = {isa = PBXFileReference; lastKnownFileType = sourcecode.c.objc; path = "UIColor+CCUtility.m"; sourceTree = "<group>"; };
/* End PBXFileReference section */

/* Begin PBXFrameworksBuildPhase section */
		EDABB2492320E46D00C65D3F /* Frameworks */ = {
			isa = PBXFrameworksBuildPhase;
			buildActionMask = 2147483647;
			files = (
			);
			runOnlyForDeploymentPostprocessing = 0;
		};
		EDABB2522320E46E00C65D3F /* Frameworks */ = {
			isa = PBXFrameworksBuildPhase;
			buildActionMask = 2147483647;
			files = (
				EDABB2562320E46E00C65D3F /* CCTrendCharts.framework in Frameworks */,
			);
			runOnlyForDeploymentPostprocessing = 0;
		};
/* End PBXFrameworksBuildPhase section */

/* Begin PBXGroup section */
		ED21EAC02325EAA10087AE67 /* Protocol */ = {
			isa = PBXGroup;
			children = (
				ED35B7542339C9E30080FF5A /* Entity */,
				EDA3C4332328D0C500843C7A /* CCProtocolAxisBase.h */,
				EDA6681E237111D00046E469 /* CCProtocolCursorBase.h */,
				EDA3E2EA232F655F00222E83 /* CCProtocolChartDataSet.h */,
				ED21EAC22325EE0D0087AE67 /* CCProtocolChartDataProvider.h */,
				ED03A15323337CF00065DDA4 /* CCProtocolKLineChartDataProvider.h */,
			);
			path = Protocol;
			sourceTree = "<group>";
		};
		ED21EAC12325EAB00087AE67 /* Protocol */ = {
			isa = PBXGroup;
			children = (
				ED1BFB5C232234FC00222820 /* CCProtocolChartViewBase.h */,
			);
			path = Protocol;
			sourceTree = "<group>";
		};
		ED35B7542339C9E30080FF5A /* Entity */ = {
			isa = PBXGroup;
			children = (
				ED35B7502339C79B0080FF5A /* CCProtocolChartDataEntityBase.h */,
			);
			path = Entity;
			sourceTree = "<group>";
		};
		ED54969D236189E400BDBC37 /* Protocol */ = {
			isa = PBXGroup;
			children = (
				ED54969E23618A1C00BDBC37 /* CCGestureHandlerProtocol.h */,
			);
			path = Protocol;
			sourceTree = "<group>";
		};
		EDA3C4252328A0F000843C7A /* Formatter */ = {
			isa = PBXGroup;
			children = (
				EDA3C42F2328CCF700843C7A /* CCXAxisDefaultFormatter.h */,
				EDA3C4302328CCF700843C7A /* CCXAxisDefaultFormatter.m */,
				ED8004E223700267005647C2 /* CCXAxisFixedFormatter.h */,
				ED8004E323700267005647C2 /* CCXAxisFixedFormatter.m */,
				EDA3C42A2328CCA500843C7A /* Protocol */,
			);
			path = Formatter;
			sourceTree = "<group>";
		};
		EDA3C42A2328CCA500843C7A /* Protocol */ = {
			isa = PBXGroup;
			children = (
				EDA3C4262328A11600843C7A /* CCProtocolXAxisFormatterBase.h */,
			);
			path = Protocol;
			sourceTree = "<group>";
		};
		EDA3E306232F7ECB00222E83 /* Axis */ = {
			isa = PBXGroup;
			children = (
				ED00E79423223D6A00139A8C /* CCDefaultYAxis.h */,
				ED00E79523223D6A00139A8C /* CCDefaultYAxis.m */,
				ED00E79823223E6600139A8C /* CCDefaultXAxis.h */,
				ED00E79923223E6600139A8C /* CCDefaultXAxis.m */,
			);
			path = Axis;
			sourceTree = "<group>";
		};
		EDA66822237129D00046E469 /* Cursor */ = {
			isa = PBXGroup;
			children = (
				EDA66823237129E10046E469 /* CCDefaultCursor.h */,
				EDA66824237129E10046E469 /* CCDefaultCursor.m */,
			);
			path = Cursor;
			sourceTree = "<group>";
		};
		EDABB2422320E46D00C65D3F = {
			isa = PBXGroup;
			children = (
				EDAFF46F237A8E2B00E8BA2B /* Doc.md */,
				EDFA74B82320FC8600CDB6BC /* README.md */,
				EDFA74B62320FC6900CDB6BC /* LICENSE */,
				EDABB24E2320E46D00C65D3F /* CCTrendCharts */,
				EDABB2592320E46E00C65D3F /* CCTrendChartsTests */,
				EDABB24D2320E46D00C65D3F /* Products */,
			);
			sourceTree = "<group>";
		};
		EDABB24D2320E46D00C65D3F /* Products */ = {
			isa = PBXGroup;
			children = (
				EDABB24C2320E46D00C65D3F /* CCTrendCharts.framework */,
				EDABB2552320E46E00C65D3F /* CCTrendChartsTests.xctest */,
			);
			name = Products;
			sourceTree = "<group>";
		};
		EDABB24E2320E46D00C65D3F /* CCTrendCharts */ = {
			isa = PBXGroup;
			children = (
				EDFA74AE2320F41B00CDB6BC /* Core */,
				EDABB24F2320E46D00C65D3F /* CCTrendCharts.h */,
				EDABB2502320E46D00C65D3F /* Info.plist */,
				EDAFF473237AB5D800E8BA2B /* 1daykline.json */,
				EDABB2662320E68700C65D3F /* CCMain.h */,
				EDABB2672320E68700C65D3F /* CCMain.m */,
				EDDCD4622334DAB5005E46EA /* PrefixHeader.pch */,
			);
			path = CCTrendCharts;
			sourceTree = "<group>";
		};
		EDABB2592320E46E00C65D3F /* CCTrendChartsTests */ = {
			isa = PBXGroup;
			children = (
				EDABB25A2320E46E00C65D3F /* CCTrendChartsTests.m */,
				EDABB25C2320E46E00C65D3F /* Info.plist */,
			);
			path = CCTrendChartsTests;
			sourceTree = "<group>";
		};
		EDCCDB9B2379581200BDD823 /* Entity */ = {
			isa = PBXGroup;
			children = (
				EDA3E2F2232F746200222E83 /* CCChartDataEntity.h */,
				EDA3E2F3232F746200222E83 /* CCChartDataEntity.m */,
				EDCCDB9C2379584000BDD823 /* CCKLineDataEntity.h */,
				EDCCDB9D2379584000BDD823 /* CCKLineDataEntity.m */,
			);
			path = Entity;
			sourceTree = "<group>";
		};
		EDD180AF232A35F800B2B72A /* Protocol */ = {
			isa = PBXGroup;
			children = (
				ED21EAC623263F920087AE67 /* CCProtocolChartRendererBase.h */,
				EDBEA2CA2328EAEB000F8852 /* CCProtocolAxisRenderer.h */,
				ED8004E623701B61005647C2 /* CCProtocolCursorRenderer.h */,
				EDDA144D23702AA700756207 /* CCProtocolMarkerRenderer.h */,
				EDBEA2CE2328EB87000F8852 /* CCProtocolDataChartRenderer.h */,
				ED03A14F23337B540065DDA4 /* CCProtocolKLineDataChartRenderer.h */,
			);
			path = Protocol;
			sourceTree = "<group>";
		};
		EDD180B4232A395600B2B72A /* Protocol */ = {
			isa = PBXGroup;
			children = (
				ED00E79023223C7800139A8C /* CCProtocolBase.h */,
			);
			path = Protocol;
			sourceTree = "<group>";
		};
		EDFA74AE2320F41B00CDB6BC /* Core */ = {
			isa = PBXGroup;
			children = (
				EDA3C4252328A0F000843C7A /* Formatter */,
				EDFA74B42320FB9600CDB6BC /* Animator */,
				EDFA74B32320FB4600CDB6BC /* Common */,
				EDFA74B02320F7AD00CDB6BC /* DataProvider */,
				EDFA74B22320FAFF00CDB6BC /* Gesture */,
				EDFA74B12320F98500CDB6BC /* Renderer */,
				EDFA74B52320FBC300CDB6BC /* View */,
			);
			path = Core;
			sourceTree = "<group>";
		};
		EDFA74B02320F7AD00CDB6BC /* DataProvider */ = {
			isa = PBXGroup;
			children = (
				EDCCDB9B2379581200BDD823 /* Entity */,
				EDA3E306232F7ECB00222E83 /* Axis */,
				EDA66822237129D00046E469 /* Cursor */,
				EDD3F03D234DCC1A0025D51D /* CCChartDataSetBase.h */,
				EDD3F03E234DCC1A0025D51D /* CCChartDataSetBase.m */,
				EDA3E302232F7E7600222E83 /* CCKLineChartDataSet.h */,
				EDA3E303232F7E7600222E83 /* CCKLineChartDataSet.m */,
				EDA3E2EE232F666700222E83 /* CCChartData.h */,
				EDA3E2EF232F666700222E83 /* CCChartData.m */,
				EDA3E2FE232F7BE000222E83 /* CCKLineChartData.h */,
				EDA3E2FF232F7BE000222E83 /* CCKLineChartData.m */,
				ED21EAC02325EAA10087AE67 /* Protocol */,
			);
			path = DataProvider;
			sourceTree = "<group>";
		};
		EDFA74B12320F98500CDB6BC /* Renderer */ = {
			isa = PBXGroup;
			children = (
				ED99B48E237C078700388345 /* CCRendererBase.h */,
				ED99B48F237C078700388345 /* CCRendererBase.m */,
				EDD180B5232A3B0100B2B72A /* CCDefaultYAxisRenderer.h */,
				EDD180B6232A3B0100B2B72A /* CCDefaultYAxisRenderer.m */,
				EDD180B9232A3B0F00B2B72A /* CCDefaultXAxisRenderer.h */,
				EDD180BA232A3B0F00B2B72A /* CCDefaultXAxisRenderer.m */,
				EDDA14512370356500756207 /* CCDefaultCursorRenderer.h */,
				EDDA14522370356500756207 /* CCDefaultCursorRenderer.m */,
				ED54A1C32373EEEF00C1E7A6 /* CCDefaultMarkerRenderer.h */,
				ED54A1C42373EEEF00C1E7A6 /* CCDefaultMarkerRenderer.m */,
				ED99B482237BF2C400388345 /* CCDataChartRenderer.h */,
				ED99B483237BF2C400388345 /* CCDataChartRenderer.m */,
				ED99B486237BF7AF00388345 /* CCKLineDataChartRenderer.h */,
				ED99B487237BF7AF00388345 /* CCKLineDataChartRenderer.m */,
				EDD180AF232A35F800B2B72A /* Protocol */,
			);
			path = Renderer;
			sourceTree = "<group>";
		};
		EDFA74B22320FAFF00CDB6BC /* Gesture */ = {
			isa = PBXGroup;
			children = (
				ED03A14B23332A9D0065DDA4 /* CCChartTransformer.h */,
				ED03A14C23332A9D0065DDA4 /* CCChartTransformer.m */,
				ED21EACA232642740087AE67 /* CCChartViewPixelHandler.h */,
				ED21EACB232642740087AE67 /* CCChartViewPixelHandler.m */,
				ED5496992361889300BDBC37 /* CCGestureDefaultHandler.h */,
				ED54969A2361889300BDBC37 /* CCGestureDefaultHandler.m */,
				ED54969D236189E400BDBC37 /* Protocol */,
			);
			path = Gesture;
			sourceTree = "<group>";
		};
		EDFA74B32320FB4600CDB6BC /* Common */ = {
			isa = PBXGroup;
			children = (
				EDD180B4232A395600B2B72A /* Protocol */,
				EDFA74BD2321079200CDB6BC /* UIColor+CCUtility.h */,
				EDFA74BE2321079200CDB6BC /* UIColor+CCUtility.m */,
				EDDCD45E2334CDAE005E46EA /* CCMacro.h */,
				ED052E9F2338CF85000CED6C /* CCCoordinateUtility.h */,
				ED052EA02338CF85000CED6C /* CCCoordinateUtility.m */,
				EDD901DE233DED6F009AB34F /* CCBaseUtility.h */,
				EDD901DF233DED6F009AB34F /* CCBaseUtility.m */,
				EDD0F256234C7370005ED4DD /* NSString+CCUtility.h */,
				EDD0F257234C7370005ED4DD /* NSString+CCUtility.m */,
				ED8A5A33237AC60400913416 /* CALayer+CCUtility.h */,
				ED8A5A34237AC60400913416 /* CALayer+CCUtility.m */,
				ED92FE90238398CC00627725 /* CCSingleEventManager.h */,
				ED92FE91238398CC00627725 /* CCSingleEventManager.m */,
			);
			path = Common;
			sourceTree = "<group>";
		};
		EDFA74B42320FB9600CDB6BC /* Animator */ = {
			isa = PBXGroup;
			children = (
				EDBEA2D22328ED6C000F8852 /* CCProtocolAnimatorBase.h */,
			);
			path = Animator;
			sourceTree = "<group>";
		};
		EDFA74B52320FBC300CDB6BC /* View */ = {
			isa = PBXGroup;
			children = (
				ED1BFB58232231A700222820 /* CCChartViewBase.h */,
				ED1BFB59232231A700222820 /* CCChartViewBase.m */,
				ED00E79C2322419B00139A8C /* CCKLineChartView.h */,
				ED00E79D2322419B00139A8C /* CCKLineChartView.m */,
				ED21EAC12325EAB00087AE67 /* Protocol */,
			);
			path = View;
			sourceTree = "<group>";
		};
/* End PBXGroup section */

/* Begin PBXHeadersBuildPhase section */
		EDABB2472320E46D00C65D3F /* Headers */ = {
			isa = PBXHeadersBuildPhase;
			buildActionMask = 2147483647;
			files = (
				ED8004E423700267005647C2 /* CCXAxisFixedFormatter.h in Headers */,
				EDABB25D2320E46E00C65D3F /* CCTrendCharts.h in Headers */,
				ED1BFB5E232234FC00222820 /* CCProtocolChartViewBase.h in Headers */,
				ED00E79E2322419B00139A8C /* CCKLineChartView.h in Headers */,
				EDA3E2F4232F746200222E83 /* CCChartDataEntity.h in Headers */,
				EDD3F03F234DCC1A0025D51D /* CCChartDataSetBase.h in Headers */,
				EDBEA2D02328EB87000F8852 /* CCProtocolDataChartRenderer.h in Headers */,
				ED00E79623223D6A00139A8C /* CCDefaultYAxis.h in Headers */,
				EDA3E2F0232F666700222E83 /* CCChartData.h in Headers */,
				EDD180B7232A3B0100B2B72A /* CCDefaultYAxisRenderer.h in Headers */,
				EDD180BB232A3B0F00B2B72A /* CCDefaultXAxisRenderer.h in Headers */,
				EDA3C4352328D0C500843C7A /* CCProtocolAxisBase.h in Headers */,
				EDA3E2EC232F655F00222E83 /* CCProtocolChartDataSet.h in Headers */,
				EDA3E300232F7BE000222E83 /* CCKLineChartData.h in Headers */,
				ED21EACC232642740087AE67 /* CCChartViewPixelHandler.h in Headers */,
				ED00E79A23223E6600139A8C /* CCDefaultXAxis.h in Headers */,
				EDDCD4632334DAB5005E46EA /* PrefixHeader.pch in Headers */,
				EDA3C4312328CCF700843C7A /* CCXAxisDefaultFormatter.h in Headers */,
				EDA3C4282328A11600843C7A /* CCProtocolXAxisFormatterBase.h in Headers */,
				ED21EAC42325EE0D0087AE67 /* CCProtocolChartDataProvider.h in Headers */,
				EDBEA2D42328ED6C000F8852 /* CCProtocolAnimatorBase.h in Headers */,
				ED21EAC823263F920087AE67 /* CCProtocolChartRendererBase.h in Headers */,
				EDA3E304232F7E7600222E83 /* CCKLineChartDataSet.h in Headers */,
				EDBEA2CC2328EAEB000F8852 /* CCProtocolAxisRenderer.h in Headers */,
				ED1BFB5A232231A700222820 /* CCChartViewBase.h in Headers */,
				EDFA74BF2321079200CDB6BC /* UIColor+CCUtility.h in Headers */,
				EDABB2682320E68700C65D3F /* CCMain.h in Headers */,
				ED03A15123337B540065DDA4 /* CCProtocolKLineDataChartRenderer.h in Headers */,
				ED03A15523337CF00065DDA4 /* CCProtocolKLineChartDataProvider.h in Headers */,
				ED03A14D23332A9D0065DDA4 /* CCChartTransformer.h in Headers */,
				ED052EA12338CF85000CED6C /* CCCoordinateUtility.h in Headers */,
				ED35B7522339C79B0080FF5A /* CCProtocolChartDataEntityBase.h in Headers */,
				EDD901E0233DED6F009AB34F /* CCBaseUtility.h in Headers */,
				ED5496A023618A1C00BDBC37 /* CCGestureHandlerProtocol.h in Headers */,
				ED54969B2361889300BDBC37 /* CCGestureDefaultHandler.h in Headers */,
				EDD0F258234C7370005ED4DD /* NSString+CCUtility.h in Headers */,
				ED8004E823701B61005647C2 /* CCProtocolCursorRenderer.h in Headers */,
				EDDA144F23702AA700756207 /* CCProtocolMarkerRenderer.h in Headers */,
				EDDA14532370356500756207 /* CCDefaultCursorRenderer.h in Headers */,
				EDA66820237111D00046E469 /* CCProtocolCursorBase.h in Headers */,
				EDA66825237129E10046E469 /* CCDefaultCursor.h in Headers */,
				ED54A1C52373EEEF00C1E7A6 /* CCDefaultMarkerRenderer.h in Headers */,
				EDCCDB9E2379584000BDD823 /* CCKLineDataEntity.h in Headers */,
				ED8A5A35237AC60400913416 /* CALayer+CCUtility.h in Headers */,
				ED99B484237BF2C400388345 /* CCDataChartRenderer.h in Headers */,
				ED99B488237BF7AF00388345 /* CCKLineDataChartRenderer.h in Headers */,
				ED99B490237C078700388345 /* CCRendererBase.h in Headers */,
				ED92FE92238398CC00627725 /* CCSingleEventManager.h in Headers */,
				EDDCD4602334CDAE005E46EA /* CCMacro.h in Headers */,
				ED00E79223223C7800139A8C /* CCProtocolBase.h in Headers */,
			);
			runOnlyForDeploymentPostprocessing = 0;
		};
/* End PBXHeadersBuildPhase section */

/* Begin PBXNativeTarget section */
		EDABB24B2320E46D00C65D3F /* CCTrendCharts */ = {
			isa = PBXNativeTarget;
			buildConfigurationList = EDABB2602320E46E00C65D3F /* Build configuration list for PBXNativeTarget "CCTrendCharts" */;
			buildPhases = (
				EDABB2472320E46D00C65D3F /* Headers */,
				EDABB2482320E46D00C65D3F /* Sources */,
				EDABB2492320E46D00C65D3F /* Frameworks */,
				EDABB24A2320E46D00C65D3F /* Resources */,
			);
			buildRules = (
			);
			dependencies = (
			);
			name = CCTrendCharts;
			productName = CCTrendChart;
			productReference = EDABB24C2320E46D00C65D3F /* CCTrendCharts.framework */;
			productType = "com.apple.product-type.framework";
		};
		EDABB2542320E46E00C65D3F /* CCTrendChartsTests */ = {
			isa = PBXNativeTarget;
			buildConfigurationList = EDABB2632320E46E00C65D3F /* Build configuration list for PBXNativeTarget "CCTrendChartsTests" */;
			buildPhases = (
				EDABB2512320E46E00C65D3F /* Sources */,
				EDABB2522320E46E00C65D3F /* Frameworks */,
				EDABB2532320E46E00C65D3F /* Resources */,
			);
			buildRules = (
			);
			dependencies = (
				EDABB2582320E46E00C65D3F /* PBXTargetDependency */,
			);
			name = CCTrendChartsTests;
			productName = CCTrendChartTests;
			productReference = EDABB2552320E46E00C65D3F /* CCTrendChartsTests.xctest */;
			productType = "com.apple.product-type.bundle.unit-test";
		};
/* End PBXNativeTarget section */

/* Begin PBXProject section */
		EDABB2432320E46D00C65D3F /* Project object */ = {
			isa = PBXProject;
			attributes = {
				LastUpgradeCheck = 1030;
				ORGANIZATIONNAME = Cocos;
				TargetAttributes = {
					EDABB24B2320E46D00C65D3F = {
						CreatedOnToolsVersion = 10.3;
					};
					EDABB2542320E46E00C65D3F = {
						CreatedOnToolsVersion = 10.3;
					};
				};
			};
			buildConfigurationList = EDABB2462320E46D00C65D3F /* Build configuration list for PBXProject "CCTrendCharts" */;
			compatibilityVersion = "Xcode 9.3";
			developmentRegion = en;
			hasScannedForEncodings = 0;
			knownRegions = (
				en,
			);
			mainGroup = EDABB2422320E46D00C65D3F;
			productRefGroup = EDABB24D2320E46D00C65D3F /* Products */;
			projectDirPath = "";
			projectRoot = "";
			targets = (
				EDABB24B2320E46D00C65D3F /* CCTrendCharts */,
				EDABB2542320E46E00C65D3F /* CCTrendChartsTests */,
			);
		};
/* End PBXProject section */

/* Begin PBXResourcesBuildPhase section */
		EDABB24A2320E46D00C65D3F /* Resources */ = {
			isa = PBXResourcesBuildPhase;
			buildActionMask = 2147483647;
			files = (
				EDFA74B72320FC6900CDB6BC /* LICENSE in Resources */,
				EDAFF474237AB5D800E8BA2B /* 1daykline.json in Resources */,
				EDAFF470237A8E2B00E8BA2B /* Doc.md in Resources */,
			);
			runOnlyForDeploymentPostprocessing = 0;
		};
		EDABB2532320E46E00C65D3F /* Resources */ = {
			isa = PBXResourcesBuildPhase;
			buildActionMask = 2147483647;
			files = (
			);
			runOnlyForDeploymentPostprocessing = 0;
		};
/* End PBXResourcesBuildPhase section */

/* Begin PBXSourcesBuildPhase section */
		EDABB2482320E46D00C65D3F /* Sources */ = {
			isa = PBXSourcesBuildPhase;
			buildActionMask = 2147483647;
			files = (
				EDABB2692320E68700C65D3F /* CCMain.m in Sources */,
				ED92FE93238398CC00627725 /* CCSingleEventManager.m in Sources */,
				EDA3E305232F7E7600222E83 /* CCKLineChartDataSet.m in Sources */,
				ED00E79B23223E6600139A8C /* CCDefaultXAxis.m in Sources */,
				EDD180BC232A3B0F00B2B72A /* CCDefaultXAxisRenderer.m in Sources */,
				ED052EA22338CF85000CED6C /* CCCoordinateUtility.m in Sources */,
				EDA66826237129E10046E469 /* CCDefaultCursor.m in Sources */,
				ED54A1C62373EEEF00C1E7A6 /* CCDefaultMarkerRenderer.m in Sources */,
				ED00E79723223D6A00139A8C /* CCDefaultYAxis.m in Sources */,
				ED8A5A36237AC60400913416 /* CALayer+CCUtility.m in Sources */,
				EDA3E2F1232F666700222E83 /* CCChartData.m in Sources */,
				EDD901E1233DED6F009AB34F /* CCBaseUtility.m in Sources */,
				EDD3F040234DCC1A0025D51D /* CCChartDataSetBase.m in Sources */,
				EDFA74C02321079200CDB6BC /* UIColor+CCUtility.m in Sources */,
				EDD180B8232A3B0100B2B72A /* CCDefaultYAxisRenderer.m in Sources */,
				EDA3E2F5232F746200222E83 /* CCChartDataEntity.m in Sources */,
				ED99B491237C078700388345 /* CCRendererBase.m in Sources */,
				ED1BFB5B232231A700222820 /* CCChartViewBase.m in Sources */,
				ED03A14E23332A9D0065DDA4 /* CCChartTransformer.m in Sources */,
				EDD0F259234C7370005ED4DD /* NSString+CCUtility.m in Sources */,
				ED99B489237BF7AF00388345 /* CCKLineDataChartRenderer.m in Sources */,
				EDA3C4322328CCF700843C7A /* CCXAxisDefaultFormatter.m in Sources */,
				EDCCDB9F2379584000BDD823 /* CCKLineDataEntity.m in Sources */,
				EDDA14542370356500756207 /* CCDefaultCursorRenderer.m in Sources */,
				ED54969C2361889300BDBC37 /* CCGestureDefaultHandler.m in Sources */,
				ED99B485237BF2C400388345 /* CCDataChartRenderer.m in Sources */,
				ED00E79F2322419B00139A8C /* CCKLineChartView.m in Sources */,
				EDFA74B92320FC8600CDB6BC /* README.md in Sources */,
				ED8004E523700267005647C2 /* CCXAxisFixedFormatter.m in Sources */,
				EDA3E301232F7BE000222E83 /* CCKLineChartData.m in Sources */,
				ED21EACD232642740087AE67 /* CCChartViewPixelHandler.m in Sources */,
			);
			runOnlyForDeploymentPostprocessing = 0;
		};
		EDABB2512320E46E00C65D3F /* Sources */ = {
			isa = PBXSourcesBuildPhase;
			buildActionMask = 2147483647;
			files = (
				EDABB25B2320E46E00C65D3F /* CCTrendChartsTests.m in Sources */,
			);
			runOnlyForDeploymentPostprocessing = 0;
		};
/* End PBXSourcesBuildPhase section */

/* Begin PBXTargetDependency section */
		EDABB2582320E46E00C65D3F /* PBXTargetDependency */ = {
			isa = PBXTargetDependency;
			target = EDABB24B2320E46D00C65D3F /* CCTrendCharts */;
			targetProxy = EDABB2572320E46E00C65D3F /* PBXContainerItemProxy */;
		};
/* End PBXTargetDependency section */

/* Begin XCBuildConfiguration section */
		EDABB25E2320E46E00C65D3F /* Debug */ = {
			isa = XCBuildConfiguration;
			buildSettings = {
				ALWAYS_SEARCH_USER_PATHS = NO;
				CLANG_ANALYZER_NONNULL = YES;
				CLANG_ANALYZER_NUMBER_OBJECT_CONVERSION = YES_AGGRESSIVE;
				CLANG_CXX_LANGUAGE_STANDARD = "gnu++14";
				CLANG_CXX_LIBRARY = "libc++";
				CLANG_ENABLE_MODULES = YES;
				CLANG_ENABLE_OBJC_ARC = YES;
				CLANG_ENABLE_OBJC_WEAK = YES;
				CLANG_WARN_BLOCK_CAPTURE_AUTORELEASING = YES;
				CLANG_WARN_BOOL_CONVERSION = YES;
				CLANG_WARN_COMMA = YES;
				CLANG_WARN_CONSTANT_CONVERSION = YES;
				CLANG_WARN_DEPRECATED_OBJC_IMPLEMENTATIONS = YES;
				CLANG_WARN_DIRECT_OBJC_ISA_USAGE = YES_ERROR;
				CLANG_WARN_DOCUMENTATION_COMMENTS = YES;
				CLANG_WARN_EMPTY_BODY = YES;
				CLANG_WARN_ENUM_CONVERSION = YES;
				CLANG_WARN_INFINITE_RECURSION = YES;
				CLANG_WARN_INT_CONVERSION = YES;
				CLANG_WARN_NON_LITERAL_NULL_CONVERSION = YES;
				CLANG_WARN_OBJC_IMPLICIT_RETAIN_SELF = YES;
				CLANG_WARN_OBJC_LITERAL_CONVERSION = YES;
				CLANG_WARN_OBJC_ROOT_CLASS = YES_ERROR;
				CLANG_WARN_RANGE_LOOP_ANALYSIS = YES;
				CLANG_WARN_STRICT_PROTOTYPES = YES;
				CLANG_WARN_SUSPICIOUS_MOVE = YES;
				CLANG_WARN_UNGUARDED_AVAILABILITY = YES_AGGRESSIVE;
				CLANG_WARN_UNREACHABLE_CODE = YES;
				CLANG_WARN__DUPLICATE_METHOD_MATCH = YES;
				CODE_SIGN_IDENTITY = "iPhone Developer";
				COPY_PHASE_STRIP = NO;
				CURRENT_PROJECT_VERSION = 1;
				DEBUG_INFORMATION_FORMAT = dwarf;
				ENABLE_STRICT_OBJC_MSGSEND = YES;
				ENABLE_TESTABILITY = YES;
				GCC_C_LANGUAGE_STANDARD = gnu11;
				GCC_DYNAMIC_NO_PIC = NO;
				GCC_NO_COMMON_BLOCKS = YES;
				GCC_OPTIMIZATION_LEVEL = 0;
				GCC_PREPROCESSOR_DEFINITIONS = (
					"DEBUG=1",
					"$(inherited)",
				);
				GCC_WARN_64_TO_32_BIT_CONVERSION = YES;
				GCC_WARN_ABOUT_RETURN_TYPE = YES_ERROR;
				GCC_WARN_UNDECLARED_SELECTOR = YES;
				GCC_WARN_UNINITIALIZED_AUTOS = YES_AGGRESSIVE;
				GCC_WARN_UNUSED_FUNCTION = YES;
				GCC_WARN_UNUSED_VARIABLE = YES;
				IPHONEOS_DEPLOYMENT_TARGET = 10.0;
				MACH_O_TYPE = mh_dylib;
				MTL_ENABLE_DEBUG_INFO = INCLUDE_SOURCE;
				MTL_FAST_MATH = YES;
				ONLY_ACTIVE_ARCH = YES;
				SDKROOT = iphoneos;
				VERSIONING_SYSTEM = "apple-generic";
				VERSION_INFO_PREFIX = "";
			};
			name = Debug;
		};
		EDABB25F2320E46E00C65D3F /* Release */ = {
			isa = XCBuildConfiguration;
			buildSettings = {
				ALWAYS_SEARCH_USER_PATHS = NO;
				CLANG_ANALYZER_NONNULL = YES;
				CLANG_ANALYZER_NUMBER_OBJECT_CONVERSION = YES_AGGRESSIVE;
				CLANG_CXX_LANGUAGE_STANDARD = "gnu++14";
				CLANG_CXX_LIBRARY = "libc++";
				CLANG_ENABLE_MODULES = YES;
				CLANG_ENABLE_OBJC_ARC = YES;
				CLANG_ENABLE_OBJC_WEAK = YES;
				CLANG_WARN_BLOCK_CAPTURE_AUTORELEASING = YES;
				CLANG_WARN_BOOL_CONVERSION = YES;
				CLANG_WARN_COMMA = YES;
				CLANG_WARN_CONSTANT_CONVERSION = YES;
				CLANG_WARN_DEPRECATED_OBJC_IMPLEMENTATIONS = YES;
				CLANG_WARN_DIRECT_OBJC_ISA_USAGE = YES_ERROR;
				CLANG_WARN_DOCUMENTATION_COMMENTS = YES;
				CLANG_WARN_EMPTY_BODY = YES;
				CLANG_WARN_ENUM_CONVERSION = YES;
				CLANG_WARN_INFINITE_RECURSION = YES;
				CLANG_WARN_INT_CONVERSION = YES;
				CLANG_WARN_NON_LITERAL_NULL_CONVERSION = YES;
				CLANG_WARN_OBJC_IMPLICIT_RETAIN_SELF = YES;
				CLANG_WARN_OBJC_LITERAL_CONVERSION = YES;
				CLANG_WARN_OBJC_ROOT_CLASS = YES_ERROR;
				CLANG_WARN_RANGE_LOOP_ANALYSIS = YES;
				CLANG_WARN_STRICT_PROTOTYPES = YES;
				CLANG_WARN_SUSPICIOUS_MOVE = YES;
				CLANG_WARN_UNGUARDED_AVAILABILITY = YES_AGGRESSIVE;
				CLANG_WARN_UNREACHABLE_CODE = YES;
				CLANG_WARN__DUPLICATE_METHOD_MATCH = YES;
				CODE_SIGN_IDENTITY = "iPhone Developer";
				COPY_PHASE_STRIP = NO;
				CURRENT_PROJECT_VERSION = 1;
				DEBUG_INFORMATION_FORMAT = "dwarf-with-dsym";
				ENABLE_NS_ASSERTIONS = NO;
				ENABLE_STRICT_OBJC_MSGSEND = YES;
				GCC_C_LANGUAGE_STANDARD = gnu11;
				GCC_NO_COMMON_BLOCKS = YES;
				GCC_WARN_64_TO_32_BIT_CONVERSION = YES;
				GCC_WARN_ABOUT_RETURN_TYPE = YES_ERROR;
				GCC_WARN_UNDECLARED_SELECTOR = YES;
				GCC_WARN_UNINITIALIZED_AUTOS = YES_AGGRESSIVE;
				GCC_WARN_UNUSED_FUNCTION = YES;
				GCC_WARN_UNUSED_VARIABLE = YES;
				IPHONEOS_DEPLOYMENT_TARGET = 10.0;
				MACH_O_TYPE = mh_dylib;
				MTL_ENABLE_DEBUG_INFO = NO;
				MTL_FAST_MATH = YES;
				SDKROOT = iphoneos;
				VALIDATE_PRODUCT = YES;
				VERSIONING_SYSTEM = "apple-generic";
				VERSION_INFO_PREFIX = "";
			};
			name = Release;
		};
		EDABB2612320E46E00C65D3F /* Debug */ = {
			isa = XCBuildConfiguration;
			buildSettings = {
				CODE_SIGN_IDENTITY = "";
				CODE_SIGN_STYLE = Automatic;
				DEFINES_MODULE = YES;
				DYLIB_COMPATIBILITY_VERSION = 1;
				DYLIB_CURRENT_VERSION = 1;
				DYLIB_INSTALL_NAME_BASE = "@rpath";
				GCC_PRECOMPILE_PREFIX_HEADER = YES;
				GCC_PREFIX_HEADER = "$(SRCROOT)/CCTrendCharts/PrefixHeader.pch";
				INFOPLIST_FILE = CCTrendCharts/Info.plist;
				INSTALL_PATH = "$(LOCAL_LIBRARY_DIR)/Frameworks";
				LD_RUNPATH_SEARCH_PATHS = (
					"$(inherited)",
					"@executable_path/Frameworks",
					"@loader_path/Frameworks",
				);
				PRODUCT_BUNDLE_IDENTIFIER = cocos.com.CCTrendCharts;
				PRODUCT_NAME = "$(TARGET_NAME:c99extidentifier)";
				SKIP_INSTALL = YES;
				TARGETED_DEVICE_FAMILY = "1,2";
			};
			name = Debug;
		};
		EDABB2622320E46E00C65D3F /* Release */ = {
			isa = XCBuildConfiguration;
			buildSettings = {
				CODE_SIGN_IDENTITY = "";
				CODE_SIGN_STYLE = Automatic;
				DEFINES_MODULE = YES;
				DYLIB_COMPATIBILITY_VERSION = 1;
				DYLIB_CURRENT_VERSION = 1;
				DYLIB_INSTALL_NAME_BASE = "@rpath";
				GCC_PRECOMPILE_PREFIX_HEADER = YES;
				GCC_PREFIX_HEADER = "$(SRCROOT)/CCTrendCharts/PrefixHeader.pch";
				INFOPLIST_FILE = CCTrendCharts/Info.plist;
				INSTALL_PATH = "$(LOCAL_LIBRARY_DIR)/Frameworks";
				LD_RUNPATH_SEARCH_PATHS = (
					"$(inherited)",
					"@executable_path/Frameworks",
					"@loader_path/Frameworks",
				);
				PRODUCT_BUNDLE_IDENTIFIER = cocos.com.CCTrendCharts;
				PRODUCT_NAME = "$(TARGET_NAME:c99extidentifier)";
				SKIP_INSTALL = YES;
				TARGETED_DEVICE_FAMILY = "1,2";
			};
			name = Release;
		};
		EDABB2642320E46E00C65D3F /* Debug */ = {
			isa = XCBuildConfiguration;
			buildSettings = {
				CODE_SIGN_STYLE = Automatic;
				INFOPLIST_FILE = CCTrendChartsTests/Info.plist;
				LD_RUNPATH_SEARCH_PATHS = (
					"$(inherited)",
					"@executable_path/Frameworks",
					"@loader_path/Frameworks",
				);
				PRODUCT_BUNDLE_IDENTIFIER = cocos.com.CCTrendChartsTests;
				PRODUCT_NAME = "$(TARGET_NAME)";
				TARGETED_DEVICE_FAMILY = "1,2";
			};
			name = Debug;
		};
		EDABB2652320E46E00C65D3F /* Release */ = {
			isa = XCBuildConfiguration;
			buildSettings = {
				CODE_SIGN_STYLE = Automatic;
				INFOPLIST_FILE = CCTrendChartsTests/Info.plist;
				LD_RUNPATH_SEARCH_PATHS = (
					"$(inherited)",
					"@executable_path/Frameworks",
					"@loader_path/Frameworks",
				);
				PRODUCT_BUNDLE_IDENTIFIER = cocos.com.CCTrendChartsTests;
				PRODUCT_NAME = "$(TARGET_NAME)";
				TARGETED_DEVICE_FAMILY = "1,2";
			};
			name = Release;
		};
/* End XCBuildConfiguration section */

/* Begin XCConfigurationList section */
		EDABB2462320E46D00C65D3F /* Build configuration list for PBXProject "CCTrendCharts" */ = {
			isa = XCConfigurationList;
			buildConfigurations = (
				EDABB25E2320E46E00C65D3F /* Debug */,
				EDABB25F2320E46E00C65D3F /* Release */,
			);
			defaultConfigurationIsVisible = 0;
			defaultConfigurationName = Release;
		};
		EDABB2602320E46E00C65D3F /* Build configuration list for PBXNativeTarget "CCTrendCharts" */ = {
			isa = XCConfigurationList;
			buildConfigurations = (
				EDABB2612320E46E00C65D3F /* Debug */,
				EDABB2622320E46E00C65D3F /* Release */,
			);
			defaultConfigurationIsVisible = 0;
			defaultConfigurationName = Release;
		};
		EDABB2632320E46E00C65D3F /* Build configuration list for PBXNativeTarget "CCTrendChartsTests" */ = {
			isa = XCConfigurationList;
			buildConfigurations = (
				EDABB2642320E46E00C65D3F /* Debug */,
				EDABB2652320E46E00C65D3F /* Release */,
			);
			defaultConfigurationIsVisible = 0;
			defaultConfigurationName = Release;
		};
/* End XCConfigurationList section */
	};
	rootObject = EDABB2432320E46D00C65D3F /* Project object */;
}
